
Microsoft Visual Studio Solution File, Format Version 12.00
# Visual Studio 15
VisualStudioVersion = 15.0.26730.12
MinimumVisualStudioVersion = 10.0.40219.1
Project("{9A19103F-16F7-4668-BE54-9A1E7A4F7556}") = "VeryCDOfflineWebService", "VeryCDOfflineWebService\VeryCDOfflineWebService.csproj", "{9258E900-6439-4977-AB63-004A4B9945FB}"
EndProject
Project("{9A19103F-16F7-4668-BE54-9A1E7A4F7556}") = "SimpleCDDatabaseConverter", "SimpleCDDatabaseConverter\SimpleCDDatabaseConverter.csproj", "{D7B16CDE-42F1-42E4-A123-8B1E11EB942F}"
EndProject
Global
	GlobalSection(SolutionConfigurationPlatforms) = preSolution
		Debug|Any CPU = Debug|Any CPU
		Release|Any CPU = Release|Any CPU
	EndGlobalSection
	GlobalSection(ProjectConfigurationPlatforms) = postSolution
		{9258E900-6439-4977-AB63-004A4B9945FB}.Debug|Any CPU.ActiveCfg = Debug|Any CPU
		{9258E900-6439-4977-AB63-004A4B9945FB}.Debug|Any CPU.Build.0 = Debug|Any CPU
		{9258E900-6439-4977-AB63-004A4B9945FB}.Release|Any CPU.ActiveCfg = Release|Any CPU
		{9258E900-6439-4977-AB63-004A4B9945FB}.Release|Any CPU.Build.0 = Release|Any CPU
		{D7B16CDE-42F1-42E4-A123-8B1E11EB942F}.Debug|Any CPU.ActiveCfg = Debug|Any CPU
		{D7B16CDE-42F1-42E4-A123-8B1E11EB942F}.Debug|Any CPU.Build.0 = Debug|Any CPU
		{D7B16CDE-42F1-42E4-A123-8B1E11EB942F}.Release|Any CPU.ActiveCfg = Release|Any CPU
		{D7B16CDE-42F1-42E4-A123-8B1E11EB942F}.Release|Any CPU.Build.0 = Release|Any CPU
	EndGlobalSection
	GlobalSection(SolutionProperties) = preSolution
		HideSolutionNode = FALSE
	EndGlobalSection
	GlobalSection(ExtensibilityGlobals) = postSolution
		SolutionGuid = {3D71ECD8-A72B-4D10-A81D-1CA9431D753E}
	EndGlobalSection
EndGlobal
